# This file is automatically @generated by Cargo.
# It is not intended for manual editing.
version = 3

[[package]]
name = "shida"
version = "0.1.0"
dependencies = [
 "shida_python_virtual_environment",
]

[[package]]
name = "shida_main"
version = "0.1.0"
dependencies = [
 "shida",
 "shida_python_virtual_environment",
]

[[package]]
name = "shida_python_virtual_environment"
version = "0.1.0"
